// !$*UTF8*$!
{
	archiveVersion = 1;
	classes = {
	};
	objectVersion = 56;
	objects = {

/* Begin PBXBuildFile section */
		399F5DD229BDF70300C7314A /* pro1App.swift in Sources */ = {isa = PBXBuildFile; fileRef = 399F5DD129BDF70300C7314A /* pro1App.swift */; };
		399F5DD429BDF70300C7314A /* ContentView.swift in Sources */ = {isa = PBXBuildFile; fileRef = 399F5DD329BDF70300C7314A /* ContentView.swift */; };
		399F5DD629BDF70500C7314A /* Assets.xcassets in Resources */ = {isa = PBXBuildFile; fileRef = 399F5DD529BDF70500C7314A /* Assets.xcassets */; };
		399F5DD929BDF70500C7314A /* Preview Assets.xcassets in Resources */ = {isa = PBXBuildFile; fileRef = 399F5DD829BDF70500C7314A /* Preview Assets.xcassets */; };
		399F5DE329BDF70500C7314A /* pro1Tests.swift in Sources */ = {isa = PBXBuildFile; fileRef = 399F5DE229BDF70500C7314A /* pro1Tests.swift */; };
		399F5DED29BDF70500C7314A /* pro1UITests.swift in Sources */ = {isa = PBXBuildFile; fileRef = 399F5DEC29BDF70500C7314A /* pro1UITests.swift */; };
		399F5DEF29BDF70500C7314A /* pro1UITestsLaunchTests.swift in Sources */ = {isa = PBXBuildFile; fileRef = 399F5DEE29BDF70500C7314A /* pro1UITestsLaunchTests.swift */; };
/* End PBXBuildFile section */

/* Begin PBXContainerItemProxy section */
		399F5DDF29BDF70500C7314A /* PBXContainerItemProxy */ = {
			isa = PBXContainerItemProxy;
			containerPortal = 399F5DC629BDF70300C7314A /* Project object */;
			proxyType = 1;
			remoteGlobalIDString = 399F5DCD29BDF70300C7314A;
			remoteInfo = pro1;
		};
		399F5DE929BDF70500C7314A /* PBXContainerItemProxy */ = {
			isa = PBXContainerItemProxy;
			containerPortal = 399F5DC629BDF70300C7314A /* Project object */;
			proxyType = 1;
			remoteGlobalIDString = 399F5DCD29BDF70300C7314A;
			remoteInfo = pro1;
		};
/* End PBXContainerItemProxy section */

/* Begin PBXFileReference section */
		399F5DCE29BDF70300C7314A /* pro1.app */ = {isa = PBXFileReference; explicitFileType = wrapper.application; includeInIndex = 0; path = pro1.app; sourceTree = BUILT_PRODUCTS_DIR; };
		399F5DD129BDF70300C7314A /* pro1App.swift */ = {isa = PBXFileReference; lastKnownFileType = sourcecode.swift; path = pro1App.swift; sourceTree = "<group>"; };
		399F5DD329BDF70300C7314A /* ContentView.swift */ = {isa = PBXFileReference; lastKnownFileType = sourcecode.swift; path = ContentView.swift; sourceTree = "<group>"; };
		399F5DD529BDF70500C7314A /* Assets.xcassets */ = {isa = PBXFileReference; lastKnownFileType = folder.assetcatalog; path = Assets.xcassets; sourceTree = "<group>"; };
		399F5DD829BDF70500C7314A /* Preview Assets.xcassets */ = {isa = PBXFileReference; lastKnownFileType = folder.assetcatalog; path = "Preview Assets.xcassets"; sourceTree = "<group>"; };
		399F5DDE29BDF70500C7314A /* pro1Tests.xctest */ = {isa = PBXFileReference; explicitFileType = wrapper.cfbundle; includeInIndex = 0; path = pro1Tests.xctest; sourceTree = BUILT_PRODUCTS_DIR; };
		399F5DE229BDF70500C7314A /* pro1Tests.swift */ = {isa = PBXFileReference; lastKnownFileType = sourcecode.swift; path = pro1Tests.swift; sourceTree = "<group>"; };
		399F5DE829BDF70500C7314A /* pro1UITests.xctest */ = {isa = PBXFileReference; explicitFileType = wrapper.cfbundle; includeInIndex = 0; path = pro1UITests.xctest; sourceTree = BUILT_PRODUCTS_DIR; };
		399F5DEC29BDF70500C7314A /* pro1UITests.swift */ = {isa = PBXFileReference; lastKnownFileType = sourcecode.swift; path = pro1UITests.swift; sourceTree = "<group>"; };
		399F5DEE29BDF70500C7314A /* pro1UITestsLaunchTests.swift */ = {isa = PBXFileReference; lastKnownFileType = sourcecode.swift; path = pro1UITestsLaunchTests.swift; sourceTree = "<group>"; };
/* End PBXFileReference section */

/* Begin PBXFrameworksBuildPhase section */
		399F5DCB29BDF70300C7314A /* Frameworks */ = {
			isa = PBXFrameworksBuildPhase;
			buildActionMask = 2147483647;
			files = (
			);
			runOnlyForDeploymentPostprocessing = 0;
		};
		399F5DDB29BDF70500C7314A /* Frameworks */ = {
			isa = PBXFrameworksBuildPhase;
			buildActionMask = 2147483647;
			files = (
			);
			runOnlyForDeploymentPostprocessing = 0;
		};
		399F5DE529BDF70500C7314A /* Frameworks */ = {
			isa = PBXFrameworksBuildPhase;
			buildActionMask = 2147483647;
			files = (
			);
			runOnlyForDeploymentPostprocessing = 0;
		};
/* End PBXFrameworksBuildPhase section */

/* Begin PBXGroup section */
		399F5DC529BDF70300C7314A = {
			isa = PBXGroup;
			children = (
				399F5DD029BDF70300C7314A /* pro1 */,
				399F5DE129BDF70500C7314A /* pro1Tests */,
				399F5DEB29BDF70500C7314A /* pro1UITests */,
				399F5DCF29BDF70300C7314A /* Products */,
			);
			sourceTree = "<group>";
		};
		399F5DCF29BDF70300C7314A /* Products */ = {
			isa = PBXGroup;
			children = (
				399F5DCE29BDF70300C7314A /* pro1.app */,
				399F5DDE29BDF70500C7314A /* pro1Tests.xctest */,
				399F5DE829BDF70500C7314A /* pro1UITests.xctest */,
			);
			name = Products;
			sourceTree = "<group>";
		};
		399F5DD029BDF70300C7314A /* pro1 */ = {
			isa = PBXGroup;
			children = (
				399F5DD129BDF70300C7314A /* pro1App.swift */,
				399F5DD329BDF70300C7314A /* ContentView.swift */,
				399F5DD529BDF70500C7314A /* Assets.xcassets */,
				399F5DD729BDF70500C7314A /* Preview Content */,
			);
			path = pro1;
			sourceTree = "<group>";
		};
		399F5DD729BDF70500C7314A /* Preview Content */ = {
			isa = PBXGroup;
			children = (
				399F5DD829BDF70500C7314A /* Preview Assets.xcassets */,
			);
			path = "Preview Content";
			sourceTree = "<group>";
		};
		399F5DE129BDF70500C7314A /* pro1Tests */ = {
			isa = PBXGroup;
			children = (
				399F5DE229BDF70500C7314A /* pro1Tests.swift */,
			);
			path = pro1Tests;
			sourceTree = "<group>";
		};
		399F5DEB29BDF70500C7314A /* pro1UITests */ = {
			isa = PBXGroup;
			children = (
				399F5DEC29BDF70500C7314A /* pro1UITests.swift */,
				399F5DEE29BDF70500C7314A /* pro1UITestsLaunchTests.swift */,
			);
			path = pro1UITests;
			sourceTree = "<group>";
		};
/* End PBXGroup section */

/* Begin PBXNativeTarget section */
		399F5DCD29BDF70300C7314A /* pro1 */ = {
			isa = PBXNativeTarget;
			buildConfigurationList = 399F5DF229BDF70500C7314A /* Build configuration list for PBXNativeTarget "pro1" */;
			buildPhases = (
				399F5DCA29BDF70300C7314A /* Sources */,
				399F5DCB29BDF70300C7314A /* Frameworks */,
				399F5DCC29BDF70300C7314A /* Resources */,
			);
			buildRules = (
			);
			dependencies = (
			);
			name = pro1;
			productName = pro1;
			productReference = 399F5DCE29BDF70300C7314A /* pro1.app */;
			productType = "com.apple.product-type.application";
		};
		399F5DDD29BDF70500C7314A /* pro1Tests */ = {
			isa = PBXNativeTarget;
			buildConfigurationList = 399F5DF529BDF70500C7314A /* Build configuration list for PBXNativeTarget "pro1Tests" */;
			buildPhases = (
				399F5DDA29BDF70500C7314A /* Sources */,
				399F5DDB29BDF70500C7314A /* Frameworks */,
				399F5DDC29BDF70500C7314A /* Resources */,
			);
			buildRules = (
			);
			dependencies = (
				399F5DE029BDF70500C7314A /* PBXTargetDependency */,
			);
			name = pro1Tests;
			productName = pro1Tests;
			productReference = 399F5DDE29BDF70500C7314A /* pro1Tests.xctest */;
			productType = "com.apple.product-type.bundle.unit-test";
		};
		399F5DE729BDF70500C7314A /* pro1UITests */ = {
			isa = PBXNativeTarget;
			buildConfigurationList = 399F5DF829BDF70500C7314A /* Build configuration list for PBXNativeTarget "pro1UITests" */;
			buildPhases = (
				399F5DE429BDF70500C7314A /* Sources */,
				399F5DE529BDF70500C7314A /* Frameworks */,
				399F5DE629BDF70500C7314A /* Resources */,
			);
			buildRules = (
			);
			dependencies = (
				399F5DEA29BDF70500C7314A /* PBXTargetDependency */,
			);
			name = pro1UITests;
			productName = pro1UITests;
			productReference = 399F5DE829BDF70500C7314A /* pro1UITests.xctest */;
			productType = "com.apple.product-type.bundle.ui-testing";
		};
/* End PBXNativeTarget section */

/* Begin PBXProject section */
		399F5DC629BDF70300C7314A /* Project object */ = {
			isa = PBXProject;
			attributes = {
				BuildIndependentTargetsInParallel = 1;
				LastSwiftUpdateCheck = 1420;
				LastUpgradeCheck = 1420;
				TargetAttributes = {
					399F5DCD29BDF70300C7314A = {
						CreatedOnToolsVersion = 14.2;
					};
					399F5DDD29BDF70500C7314A = {
						CreatedOnToolsVersion = 14.2;
						TestTargetID = 399F5DCD29BDF70300C7314A;
					};
					399F5DE729BDF70500C7314A = {
						CreatedOnToolsVersion = 14.2;
						TestTargetID = 399F5DCD29BDF70300C7314A;
					};
				};
			};
			buildConfigurationList = 399F5DC929BDF70300C7314A /* Build configuration list for PBXProject "pro1" */;
			compatibilityVersion = "Xcode 14.0";
			developmentRegion = en;
			hasScannedForEncodings = 0;
			knownRegions = (
				en,
				Base,
			);
			mainGroup = 399F5DC529BDF70300C7314A;
			productRefGroup = 399F5DCF29BDF70300C7314A /* Products */;
			projectDirPath = "";
			projectRoot = "";
			targets = (
				399F5DCD29BDF70300C7314A /* pro1 */,
				399F5DDD29BDF70500C7314A /* pro1Tests */,
				399F5DE729BDF70500C7314A /* pro1UITests */,
			);
		};
/* End PBXProject section */

/* Begin PBXResourcesBuildPhase section */
		399F5DCC29BDF70300C7314A /* Resources */ = {
			isa = PBXResourcesBuildPhase;
			buildActionMask = 2147483647;
			files = (
				399F5DD929BDF70500C7314A /* Preview Assets.xcassets in Resources */,
				399F5DD629BDF70500C7314A /* Assets.xcassets in Resources */,
			);
			runOnlyForDeploymentPostprocessing = 0;
		};
		399F5DDC29BDF70500C7314A /* Resources */ = {
			isa = PBXResourcesBuildPhase;
			buildActionMask = 2147483647;
			files = (
			);
			runOnlyForDeploymentPostprocessing = 0;
		};
		399F5DE629BDF70500C7314A /* Resources */ = {
			isa = PBXResourcesBuildPhase;
			buildActionMask = 2147483647;
			files = (
			);
			runOnlyForDeploymentPostprocessing = 0;
		};
/* End PBXResourcesBuildPhase section */

/* Begin PBXSourcesBuildPhase section */
		399F5DCA29BDF70300C7314A /* Sources */ = {
			isa = PBXSourcesBuildPhase;
			buildActionMask = 2147483647;
			files = (
				399F5DD429BDF70300C7314A /* ContentView.swift in Sources */,
				399F5DD229BDF70300C7314A /* pro1App.swift in Sources */,
			);
			runOnlyForDeploymentPostprocessing = 0;
		};
		399F5DDA29BDF70500C7314A /* Sources */ = {
			isa = PBXSourcesBuildPhase;
			buildActionMask = 2147483647;
			files = (
				399F5DE329BDF70500C7314A /* pro1Tests.swift in Sources */,
			);
			runOnlyForDeploymentPostprocessing = 0;
		};
		399F5DE429BDF70500C7314A /* Sources */ = {
			isa = PBXSourcesBuildPhase;
			buildActionMask = 2147483647;
			files = (
				399F5DEF29BDF70500C7314A /* pro1UITestsLaunchTests.swift in Sources */,
				399F5DED29BDF70500C7314A /* pro1UITests.swift in Sources */,
			);
			runOnlyForDeploymentPostprocessing = 0;
		};
/* End PBXSourcesBuildPhase section */

/* Begin PBXTargetDependency section */
		399F5DE029BDF70500C7314A /* PBXTargetDependency */ = {
			isa = PBXTargetDependency;
			target = 399F5DCD29BDF70300C7314A /* pro1 */;
			targetProxy = 399F5DDF29BDF70500C7314A /* PBXContainerItemProxy */;
		};
		399F5DEA29BDF70500C7314A /* PBXTargetDependency */ = {
			isa = PBXTargetDependency;
			target = 399F5DCD29BDF70300C7314A /* pro1 */;
			targetProxy = 399F5DE929BDF70500C7314A /* PBXContainerItemProxy */;
		};
/* End PBXTargetDependency section */

/* Begin XCBuildConfiguration section */
		399F5DF029BDF70500C7314A /* Debug */ = {
			isa = XCBuildConfiguration;
			buildSettings = {
				ALWAYS_SEARCH_USER_PATHS = NO;
				CLANG_ANALYZER_NONNULL = YES;
				CLANG_ANALYZER_NUMBER_OBJECT_CONVERSION = YES_AGGRESSIVE;
				CLANG_CXX_LANGUAGE_STANDARD = "gnu++20";
				CLANG_ENABLE_MODULES = YES;
				CLANG_ENABLE_OBJC_ARC = YES;
				CLANG_ENABLE_OBJC_WEAK = YES;
				CLANG_WARN_BLOCK_CAPTURE_AUTORELEASING = YES;
				CLANG_WARN_BOOL_CONVERSION = YES;
				CLANG_WARN_COMMA = YES;
				CLANG_WARN_CONSTANT_CONVERSION = YES;
				CLANG_WARN_DEPRECATED_OBJC_IMPLEMENTATIONS = YES;
				CLANG_WARN_DIRECT_OBJC_ISA_USAGE = YES_ERROR;
				CLANG_WARN_DOCUMENTATION_COMMENTS = YES;
				CLANG_WARN_EMPTY_BODY = YES;
				CLANG_WARN_ENUM_CONVERSION = YES;
				CLANG_WARN_INFINITE_RECURSION = YES;
				CLANG_WARN_INT_CONVERSION = YES;
				CLANG_WARN_NON_LITERAL_NULL_CONVERSION = YES;
				CLANG_WARN_OBJC_IMPLICIT_RETAIN_SELF = YES;
				CLANG_WARN_OBJC_LITERAL_CONVERSION = YES;
				CLANG_WARN_OBJC_ROOT_CLASS = YES_ERROR;
				CLANG_WARN_QUOTED_INCLUDE_IN_FRAMEWORK_HEADER = YES;
				CLANG_WARN_RANGE_LOOP_ANALYSIS = YES;
				CLANG_WARN_STRICT_PROTOTYPES = YES;
				CLANG_WARN_SUSPICIOUS_MOVE = YES;
				CLANG_WARN_UNGUARDED_AVAILABILITY = YES_AGGRESSIVE;
				CLANG_WARN_UNREACHABLE_CODE = YES;
				CLANG_WARN__DUPLICATE_METHOD_MATCH = YES;
				COPY_PHASE_STRIP = NO;
				DEBUG_INFORMATION_FORMAT = dwarf;
				ENABLE_STRICT_OBJC_MSGSEND = YES;
				ENABLE_TESTABILITY = YES;
				GCC_C_LANGUAGE_STANDARD = gnu11;
				GCC_DYNAMIC_NO_PIC = NO;
				GCC_NO_COMMON_BLOCKS = YES;
				GCC_OPTIMIZATION_LEVEL = 0;
				GCC_PREPROCESSOR_DEFINITIONS = (
					"DEBUG=1",
					"$(inherited)",
				);
				GCC_WARN_64_TO_32_BIT_CONVERSION = YES;
				GCC_WARN_ABOUT_RETURN_TYPE = YES_ERROR;
				GCC_WARN_UNDECLARED_SELECTOR = YES;
				GCC_WARN_UNINITIALIZED_AUTOS = YES_AGGRESSIVE;
				GCC_WARN_UNUSED_FUNCTION = YES;
				GCC_WARN_UNUSED_VARIABLE = YES;
				IPHONEOS_DEPLOYMENT_TARGET = 16.2;
				MTL_ENABLE_DEBUG_INFO = INCLUDE_SOURCE;
				MTL_FAST_MATH = YES;
				ONLY_ACTIVE_ARCH = YES;
				SDKROOT = iphoneos;
				SWIFT_ACTIVE_COMPILATION_CONDITIONS = DEBUG;
				SWIFT_OPTIMIZATION_LEVEL = "-Onone";
			};
			name = Debug;
		};
		399F5DF129BDF70500C7314A /* Release */ = {
			isa = XCBuildConfiguration;
			buildSettings = {
				ALWAYS_SEARCH_USER_PATHS = NO;
				CLANG_ANALYZER_NONNULL = YES;
				CLANG_ANALYZER_NUMBER_OBJECT_CONVERSION = YES_AGGRESSIVE;
				CLANG_CXX_LANGUAGE_STANDARD = "gnu++20";
				CLANG_ENABLE_MODULES = YES;
				CLANG_ENABLE_OBJC_ARC = YES;
				CLANG_ENABLE_OBJC_WEAK = YES;
				CLANG_WARN_BLOCK_CAPTURE_AUTORELEASING = YES;
				CLANG_WARN_BOOL_CONVERSION = YES;
				CLANG_WARN_COMMA = YES;
				CLANG_WARN_CONSTANT_CONVERSION = YES;
				CLANG_WARN_DEPRECATED_OBJC_IMPLEMENTATIONS = YES;
				CLANG_WARN_DIRECT_OBJC_ISA_USAGE = YES_ERROR;
				CLANG_WARN_DOCUMENTATION_COMMENTS = YES;
				CLANG_WARN_EMPTY_BODY = YES;
				CLANG_WARN_ENUM_CONVERSION = YES;
				CLANG_WARN_INFINITE_RECURSION = YES;
				CLANG_WARN_INT_CONVERSION = YES;
				CLANG_WARN_NON_LITERAL_NULL_CONVERSION = YES;
				CLANG_WARN_OBJC_IMPLICIT_RETAIN_SELF = YES;
				CLANG_WARN_OBJC_LITERAL_CONVERSION = YES;
				CLANG_WARN_OBJC_ROOT_CLASS = YES_ERROR;
				CLANG_WARN_QUOTED_INCLUDE_IN_FRAMEWORK_HEADER = YES;
				CLANG_WARN_RANGE_LOOP_ANALYSIS = YES;
				CLANG_WARN_STRICT_PROTOTYPES = YES;
				CLANG_WARN_SUSPICIOUS_MOVE = YES;
				CLANG_WARN_UNGUARDED_AVAILABILITY = YES_AGGRESSIVE;
				CLANG_WARN_UNREACHABLE_CODE = YES;
				CLANG_WARN__DUPLICATE_METHOD_MATCH = YES;
				COPY_PHASE_STRIP = NO;
				DEBUG_INFORMATION_FORMAT = "dwarf-with-dsym";
				ENABLE_NS_ASSERTIONS = NO;
				ENABLE_STRICT_OBJC_MSGSEND = YES;
				GCC_C_LANGUAGE_STANDARD = gnu11;
				GCC_NO_COMMON_BLOCKS = YES;
				GCC_WARN_64_TO_32_BIT_CONVERSION = YES;
				GCC_WARN_ABOUT_RETURN_TYPE = YES_ERROR;
				GCC_WARN_UNDECLARED_SELECTOR = YES;
				GCC_WARN_UNINITIALIZED_AUTOS = YES_AGGRESSIVE;
				GCC_WARN_UNUSED_FUNCTION = YES;
				GCC_WARN_UNUSED_VARIABLE = YES;
				IPHONEOS_DEPLOYMENT_TARGET = 16.2;
				MTL_ENABLE_DEBUG_INFO = NO;
				MTL_FAST_MATH = YES;
				SDKROOT = iphoneos;
				SWIFT_COMPILATION_MODE = wholemodule;
				SWIFT_OPTIMIZATION_LEVEL = "-O";
				VALIDATE_PRODUCT = YES;
			};
			name = Release;
		};
		399F5DF329BDF70500C7314A /* Debug */ = {
			isa = XCBuildConfiguration;
			buildSettings = {
				ASSETCATALOG_COMPILER_APPICON_NAME = AppIcon;
				ASSETCATALOG_COMPILER_GLOBAL_ACCENT_COLOR_NAME = AccentColor;
				CODE_SIGN_STYLE = Automatic;
				CURRENT_PROJECT_VERSION = 1;
				DEVELOPMENT_ASSET_PATHS = "\"pro1/Preview Content\"";
				ENABLE_PREVIEWS = YES;
				GENERATE_INFOPLIST_FILE = YES;
				INFOPLIST_KEY_UIApplicationSceneManifest_Generation = YES;
				INFOPLIST_KEY_UIApplicationSupportsIndirectInputEvents = YES;
				INFOPLIST_KEY_UILaunchScreen_Generation = YES;
				INFOPLIST_KEY_UISupportedInterfaceOrientations_iPad = "UIInterfaceOrientationPortrait UIInterfaceOrientationPortraitUpsideDown UIInterfaceOrientationLandscapeLeft UIInterfaceOrientationLandscapeRight";
				INFOPLIST_KEY_UISupportedInterfaceOrientations_iPhone = "UIInterfaceOrientationPortrait UIInterfaceOrientationLandscapeLeft UIInterfaceOrientationLandscapeRight";
				LD_RUNPATH_SEARCH_PATHS = (
					"$(inherited)",
					"@executable_path/Frameworks",
				);
				MARKETING_VERSION = 1.0;
				PRODUCT_BUNDLE_IDENTIFIER = "-200105263.pro1";
				PRODUCT_NAME = "$(TARGET_NAME)";
				SWIFT_EMIT_LOC_STRINGS = YES;
				SWIFT_VERSION = 5.0;
				TARGETED_DEVICE_FAMILY = "1,2";
			};
			name = Debug;
		};
		399F5DF429BDF70500C7314A /* Release */ = {
			isa = XCBuildConfiguration;
			buildSettings = {
				ASSETCATALOG_COMPILER_APPICON_NAME = AppIcon;
				ASSETCATALOG_COMPILER_GLOBAL_ACCENT_COLOR_NAME = AccentColor;
				CODE_SIGN_STYLE = Automatic;
				CURRENT_PROJECT_VERSION = 1;
				DEVELOPMENT_ASSET_PATHS = "\"pro1/Preview Content\"";
				ENABLE_PREVIEWS = YES;
				GENERATE_INFOPLIST_FILE = YES;
				INFOPLIST_KEY_UIApplicationSceneManifest_Generation = YES;
				INFOPLIST_KEY_UIApplicationSupportsIndirectInputEvents = YES;
				INFOPLIST_KEY_UILaunchScreen_Generation = YES;
				INFOPLIST_KEY_UISupportedInterfaceOrientations_iPad = "UIInterfaceOrientationPortrait UIInterfaceOrientationPortraitUpsideDown UIInterfaceOrientationLandscapeLeft UIInterfaceOrientationLandscapeRight";
				INFOPLIST_KEY_UISupportedInterfaceOrientations_iPhone = "UIInterfaceOrientationPortrait UIInterfaceOrientationLandscapeLeft UIInterfaceOrientationLandscapeRight";
				LD_RUNPATH_SEARCH_PATHS = (
					"$(inherited)",
					"@executable_path/Frameworks",
				);
				MARKETING_VERSION = 1.0;
				PRODUCT_BUNDLE_IDENTIFIER = "-200105263.pro1";
				PRODUCT_NAME = "$(TARGET_NAME)";
				SWIFT_EMIT_LOC_STRINGS = YES;
				SWIFT_VERSION = 5.0;
				TARGETED_DEVICE_FAMILY = "1,2";
			};
			name = Release;
		};
		399F5DF629BDF70500C7314A /* Debug */ = {
			isa = XCBuildConfiguration;
			buildSettings = {
				ALWAYS_EMBED_SWIFT_STANDARD_LIBRARIES = YES;
				BUNDLE_LOADER = "$(TEST_HOST)";
				CODE_SIGN_STYLE = Automatic;
				CURRENT_PROJECT_VERSION = 1;
				GENERATE_INFOPLIST_FILE = YES;
				IPHONEOS_DEPLOYMENT_TARGET = 16.2;
				MARKETING_VERSION = 1.0;
				PRODUCT_BUNDLE_IDENTIFIER = "-200105263.pro1Tests";
				PRODUCT_NAME = "$(TARGET_NAME)";
				SWIFT_EMIT_LOC_STRINGS = NO;
				SWIFT_VERSION = 5.0;
				TARGETED_DEVICE_FAMILY = "1,2";
				TEST_HOST = "$(BUILT_PRODUCTS_DIR)/pro1.app/$(BUNDLE_EXECUTABLE_FOLDER_PATH)/pro1";
			};
			name = Debug;
		};
		399F5DF729BDF70500C7314A /* Release */ = {
			isa = XCBuildConfiguration;
			buildSettings = {
				ALWAYS_EMBED_SWIFT_STANDARD_LIBRARIES = YES;
				BUNDLE_LOADER = "$(TEST_HOST)";
				CODE_SIGN_STYLE = Automatic;
				CURRENT_PROJECT_VERSION = 1;
				GENERATE_INFOPLIST_FILE = YES;
				IPHONEOS_DEPLOYMENT_TARGET = 16.2;
				MARKETING_VERSION = 1.0;
				PRODUCT_BUNDLE_IDENTIFIER = "-200105263.pro1Tests";
				PRODUCT_NAME = "$(TARGET_NAME)";
				SWIFT_EMIT_LOC_STRINGS = NO;
				SWIFT_VERSION = 5.0;
				TARGETED_DEVICE_FAMILY = "1,2";
				TEST_HOST = "$(BUILT_PRODUCTS_DIR)/pro1.app/$(BUNDLE_EXECUTABLE_FOLDER_PATH)/pro1";
			};
			name = Release;
		};
		399F5DF929BDF70500C7314A /* Debug */ = {
			isa = XCBuildConfiguration;
			buildSettings = {
				ALWAYS_EMBED_SWIFT_STANDARD_LIBRARIES = YES;
				CODE_SIGN_STYLE = Automatic;
				CURRENT_PROJECT_VERSION = 1;
				GENERATE_INFOPLIST_FILE = YES;
				MARKETING_VERSION = 1.0;
				PRODUCT_BUNDLE_IDENTIFIER = "-200105263.pro1UITests";
				PRODUCT_NAME = "$(TARGET_NAME)";
				SWIFT_EMIT_LOC_STRINGS = NO;
				SWIFT_VERSION = 5.0;
				TARGETED_DEVICE_FAMILY = "1,2";
				TEST_TARGET_NAME = pro1;
			};
			name = Debug;
		};
		399F5DFA29BDF70500C7314A /* Release */ = {
			isa = XCBuildConfiguration;
			buildSettings = {
				ALWAYS_EMBED_SWIFT_STANDARD_LIBRARIES = YES;
				CODE_SIGN_STYLE = Automatic;
				CURRENT_PROJECT_VERSION = 1;
				GENERATE_INFOPLIST_FILE = YES;
				MARKETING_VERSION = 1.0;
				PRODUCT_BUNDLE_IDENTIFIER = "-200105263.pro1UITests";
				PRODUCT_NAME = "$(TARGET_NAME)";
				SWIFT_EMIT_LOC_STRINGS = NO;
				SWIFT_VERSION = 5.0;
				TARGETED_DEVICE_FAMILY = "1,2";
				TEST_TARGET_NAME = pro1;
			};
			name = Release;
		};
/* End XCBuildConfiguration section */

/* Begin XCConfigurationList section */
		399F5DC929BDF70300C7314A /* Build configuration list for PBXProject "pro1" */ = {
			isa = XCConfigurationList;
			buildConfigurations = (
				399F5DF029BDF70500C7314A /* Debug */,
				399F5DF129BDF70500C7314A /* Release */,
			);
			defaultConfigurationIsVisible = 0;
			defaultConfigurationName = Release;
		};
		399F5DF229BDF70500C7314A /* Build configuration list for PBXNativeTarget "pro1" */ = {
			isa = XCConfigurationList;
			buildConfigurations = (
				399F5DF329BDF70500C7314A /* Debug */,
				399F5DF429BDF70500C7314A /* Release */,
			);
			defaultConfigurationIsVisible = 0;
			defaultConfigurationName = Release;
		};
		399F5DF529BDF70500C7314A /* Build configuration list for PBXNativeTarget "pro1Tests" */ = {
			isa = XCConfigurationList;
			buildConfigurations = (
				399F5DF629BDF70500C7314A /* Debug */,
				399F5DF729BDF70500C7314A /* Release */,
			);
			defaultConfigurationIsVisible = 0;
			defaultConfigurationName = Release;
		};
		399F5DF829BDF70500C7314A /* Build configuration list for PBXNativeTarget "pro1UITests" */ = {
			isa = XCConfigurationList;
			buildConfigurations = (
				399F5DF929BDF70500C7314A /* Debug */,
				399F5DFA29BDF70500C7314A /* Release */,
			);
			defaultConfigurationIsVisible = 0;
			defaultConfigurationName = Release;
		};
/* End XCConfigurationList section */
	};
	rootObject = 399F5DC629BDF70300C7314A /* Project object */;
}
